// !$*UTF8*$!
{
	archiveVersion = 1;
	classes = {
	};
	objectVersion = 46;
	objects = {

/* Begin PBXBuildFile section */
		E0F74F4D1ED8CA090075500C /* AppDelegate.swift in Sources */ = {isa = PBXBuildFile; fileRef = E0F74F4C1ED8CA090075500C /* AppDelegate.swift */; };
		E0F74F521ED8CA090075500C /* Main.storyboard in Resources */ = {isa = PBXBuildFile; fileRef = E0F74F501ED8CA090075500C /* Main.storyboard */; };
		E0F74F541ED8CA090075500C /* Assets.xcassets in Resources */ = {isa = PBXBuildFile; fileRef = E0F74F531ED8CA090075500C /* Assets.xcassets */; };
		E0F74F571ED8CA090075500C /* LaunchScreen.storyboard in Resources */ = {isa = PBXBuildFile; fileRef = E0F74F551ED8CA090075500C /* LaunchScreen.storyboard */; };
		E0F74F651ED8CAE30075500C /* CSParallaxHeader.xib in Resources */ = {isa = PBXBuildFile; fileRef = E0F74F611ED8CAE30075500C /* CSParallaxHeader.xib */; };
		E0F74F661ED8CAE30075500C /* CSSearchBarHeader.xib in Resources */ = {isa = PBXBuildFile; fileRef = E0F74F621ED8CAE30075500C /* CSSearchBarHeader.xib */; };
		E0F74F671ED8CAE30075500C /* CSGrowHeader.xib in Resources */ = {isa = PBXBuildFile; fileRef = E0F74F631ED8CAE30075500C /* CSGrowHeader.xib */; };
		E0F74F681ED8CAE30075500C /* CSAlwaysOnTopHeader.xib in Resources */ = {isa = PBXBuildFile; fileRef = E0F74F641ED8CAE30075500C /* CSAlwaysOnTopHeader.xib */; };
/* End PBXBuildFile section */

/* Begin PBXFileReference section */
		E0F74F491ED8CA090075500C /* CSSickyFlowLayoutHeaders.app */ = {isa = PBXFileReference; explicitFileType = wrapper.application; includeInIndex = 0; path = CSSickyFlowLayoutHeaders.app; sourceTree = BUILT_PRODUCTS_DIR; };
		E0F74F4C1ED8CA090075500C /* AppDelegate.swift */ = {isa = PBXFileReference; lastKnownFileType = sourcecode.swift; path = AppDelegate.swift; sourceTree = "<group>"; };
		E0F74F511ED8CA090075500C /* Base */ = {isa = PBXFileReference; lastKnownFileType = file.storyboard; name = Base; path = Base.lproj/Main.storyboard; sourceTree = "<group>"; };
		E0F74F531ED8CA090075500C /* Assets.xcassets */ = {isa = PBXFileReference; lastKnownFileType = folder.assetcatalog; path = Assets.xcassets; sourceTree = "<group>"; };
		E0F74F561ED8CA090075500C /* Base */ = {isa = PBXFileReference; lastKnownFileType = file.storyboard; name = Base; path = Base.lproj/LaunchScreen.storyboard; sourceTree = "<group>"; };
		E0F74F581ED8CA090075500C /* Info.plist */ = {isa = PBXFileReference; lastKnownFileType = text.plist.xml; path = Info.plist; sourceTree = "<group>"; };
		E0F74F611ED8CAE30075500C /* CSParallaxHeader.xib */ = {isa = PBXFileReference; fileEncoding = 4; lastKnownFileType = file.xib; path = CSParallaxHeader.xib; sourceTree = "<group>"; };
		E0F74F621ED8CAE30075500C /* CSSearchBarHeader.xib */ = {isa = PBXFileReference; fileEncoding = 4; lastKnownFileType = file.xib; path = CSSearchBarHeader.xib; sourceTree = "<group>"; };
		E0F74F631ED8CAE30075500C /* CSGrowHeader.xib */ = {isa = PBXFileReference; fileEncoding = 4; lastKnownFileType = file.xib; path = CSGrowHeader.xib; sourceTree = "<group>"; };
		E0F74F641ED8CAE30075500C /* CSAlwaysOnTopHeader.xib */ = {isa = PBXFileReference; fileEncoding = 4; lastKnownFileType = file.xib; path = CSAlwaysOnTopHeader.xib; sourceTree = "<group>"; };
/* End PBXFileReference section */

/* Begin PBXFrameworksBuildPhase section */
		E0F74F461ED8CA090075500C /* Frameworks */ = {
			isa = PBXFrameworksBuildPhase;
			buildActionMask = 2147483647;
			files = (
			);
			runOnlyForDeploymentPostprocessing = 0;
		};
/* End PBXFrameworksBuildPhase section */

/* Begin PBXGroup section */
		E0F74F401ED8CA090075500C = {
			isa = PBXGroup;
			children = (
				E0F74F4B1ED8CA090075500C /* CSSickyFlowLayoutHeaders */,
				E0F74F4A1ED8CA090075500C /* Products */,
			);
			sourceTree = "<group>";
		};
		E0F74F4A1ED8CA090075500C /* Products */ = {
			isa = PBXGroup;
			children = (
				E0F74F491ED8CA090075500C /* CSSickyFlowLayoutHeaders.app */,
			);
			name = Products;
			sourceTree = "<group>";
		};
		E0F74F4B1ED8CA090075500C /* CSSickyFlowLayoutHeaders */ = {
			isa = PBXGroup;
			children = (
				E0F74F4C1ED8CA090075500C /* AppDelegate.swift */,
				E0F74F501ED8CA090075500C /* Main.storyboard */,
				E0F74F551ED8CA090075500C /* LaunchScreen.storyboard */,
				E0F74F5F1ED8CAAD0075500C /* Cells */,
				E0F74F601ED8CAB20075500C /* ViewControllers */,
				E0F74F5E1ED8CA9C0075500C /* SupportingFiles */,
			);
			path = CSSickyFlowLayoutHeaders;
			sourceTree = "<group>";
		};
		E0F74F5E1ED8CA9C0075500C /* SupportingFiles */ = {
			isa = PBXGroup;
			children = (
				E0F74F531ED8CA090075500C /* Assets.xcassets */,
				E0F74F581ED8CA090075500C /* Info.plist */,
			);
			name = SupportingFiles;
			sourceTree = "<group>";
		};
		E0F74F5F1ED8CAAD0075500C /* Cells */ = {
			isa = PBXGroup;
			children = (
				E0F74F611ED8CAE30075500C /* CSParallaxHeader.xib */,
				E0F74F621ED8CAE30075500C /* CSSearchBarHeader.xib */,
				E0F74F631ED8CAE30075500C /* CSGrowHeader.xib */,
				E0F74F641ED8CAE30075500C /* CSAlwaysOnTopHeader.xib */,
			);
			name = Cells;
			sourceTree = "<group>";
		};
		E0F74F601ED8CAB20075500C /* ViewControllers */ = {
			isa = PBXGroup;
			children = (
			);
			name = ViewControllers;
			sourceTree = "<group>";
		};
/* End PBXGroup section */

/* Begin PBXNativeTarget section */
		E0F74F481ED8CA090075500C /* CSSickyFlowLayoutHeaders */ = {
			isa = PBXNativeTarget;
			buildConfigurationList = E0F74F5B1ED8CA090075500C /* Build configuration list for PBXNativeTarget "CSSickyFlowLayoutHeaders" */;
			buildPhases = (
				E0F74F451ED8CA090075500C /* Sources */,
				E0F74F461ED8CA090075500C /* Frameworks */,
				E0F74F471ED8CA090075500C /* Resources */,
			);
			buildRules = (
			);
			dependencies = (
			);
			name = CSSickyFlowLayoutHeaders;
			productName = CSSickyFlowLayoutHeaders;
			productReference = E0F74F491ED8CA090075500C /* CSSickyFlowLayoutHeaders.app */;
			productType = "com.apple.product-type.application";
		};
/* End PBXNativeTarget section */

/* Begin PBXProject section */
		E0F74F411ED8CA090075500C /* Project object */ = {
			isa = PBXProject;
			attributes = {
				LastSwiftUpdateCheck = 0830;
				LastUpgradeCheck = 0830;
				ORGANIZATIONNAME = "Roman Ustiantcev";
				TargetAttributes = {
					E0F74F481ED8CA090075500C = {
						CreatedOnToolsVersion = 8.3.2;
						DevelopmentTeam = NVMU6WZ9AZ;
						ProvisioningStyle = Automatic;
					};
				};
			};
			buildConfigurationList = E0F74F441ED8CA090075500C /* Build configuration list for PBXProject "CSSickyFlowLayoutHeaders" */;
			compatibilityVersion = "Xcode 3.2";
			developmentRegion = English;
			hasScannedForEncodings = 0;
			knownRegions = (
				en,
				Base,
			);
			mainGroup = E0F74F401ED8CA090075500C;
			productRefGroup = E0F74F4A1ED8CA090075500C /* Products */;
			projectDirPath = "";
			projectRoot = "";
			targets = (
				E0F74F481ED8CA090075500C /* CSSickyFlowLayoutHeaders */,
			);
		};
/* End PBXProject section */

/* Begin PBXResourcesBuildPhase section */
		E0F74F471ED8CA090075500C /* Resources */ = {
			isa = PBXResourcesBuildPhase;
			buildActionMask = 2147483647;
			files = (
				E0F74F571ED8CA090075500C /* LaunchScreen.storyboard in Resources */,
				E0F74F661ED8CAE30075500C /* CSSearchBarHeader.xib in Resources */,
				E0F74F651ED8CAE30075500C /* CSParallaxHeader.xib in Resources */,
				E0F74F671ED8CAE30075500C /* CSGrowHeader.xib in Resources */,
				E0F74F681ED8CAE30075500C /* CSAlwaysOnTopHeader.xib in Resources */,
				E0F74F541ED8CA090075500C /* Assets.xcassets in Resources */,
				E0F74F521ED8CA090075500C /* Main.storyboard in Resources */,
			);
			runOnlyForDeploymentPostprocessing = 0;
		};
/* End PBXResourcesBuildPhase section */

/* Begin PBXSourcesBuildPhase section */
		E0F74F451ED8CA090075500C /* Sources */ = {
			isa = PBXSourcesBuildPhase;
			buildActionMask = 2147483647;
			files = (
				E0F74F4D1ED8CA090075500C /* AppDelegate.swift in Sources */,
			);
			runOnlyForDeploymentPostprocessing = 0;
		};
/* End PBXSourcesBuildPhase section */

/* Begin PBXVariantGroup section */
		E0F74F501ED8CA090075500C /* Main.storyboard */ = {
			isa = PBXVariantGroup;
			children = (
				E0F74F511ED8CA090075500C /* Base */,
			);
			name = Main.storyboard;
			sourceTree = "<group>";
		};
		E0F74F551ED8CA090075500C /* LaunchScreen.storyboard */ = {
			isa = PBXVariantGroup;
			children = (
				E0F74F561ED8CA090075500C /* Base */,
			);
			name = LaunchScreen.storyboard;
			sourceTree = "<group>";
		};
/* End PBXVariantGroup section */

/* Begin XCBuildConfiguration section */
		E0F74F591ED8CA090075500C /* Debug */ = {
			isa = XCBuildConfiguration;
			buildSettings = {
				ALWAYS_SEARCH_USER_PATHS = NO;
				CLANG_ANALYZER_NONNULL = YES;
				CLANG_ANALYZER_NUMBER_OBJECT_CONVERSION = YES_AGGRESSIVE;
				CLANG_CXX_LANGUAGE_STANDARD = "gnu++0x";
				CLANG_CXX_LIBRARY = "libc++";
				CLANG_ENABLE_MODULES = YES;
				CLANG_ENABLE_OBJC_ARC = YES;
				CLANG_WARN_BOOL_CONVERSION = YES;
				CLANG_WARN_CONSTANT_CONVERSION = YES;
				CLANG_WARN_DIRECT_OBJC_ISA_USAGE = YES_ERROR;
				CLANG_WARN_DOCUMENTATION_COMMENTS = YES;
				CLANG_WARN_EMPTY_BODY = YES;
				CLANG_WARN_ENUM_CONVERSION = YES;
				CLANG_WARN_INFINITE_RECURSION = YES;
				CLANG_WARN_INT_CONVERSION = YES;
				CLANG_WARN_OBJC_ROOT_CLASS = YES_ERROR;
				CLANG_WARN_SUSPICIOUS_MOVE = YES;
				CLANG_WARN_UNREACHABLE_CODE = YES;
				CLANG_WARN__DUPLICATE_METHOD_MATCH = YES;
				"CODE_SIGN_IDENTITY[sdk=iphoneos*]" = "iPhone Developer";
				COPY_PHASE_STRIP = NO;
				DEBUG_INFORMATION_FORMAT = dwarf;
				ENABLE_STRICT_OBJC_MSGSEND = YES;
				ENABLE_TESTABILITY = YES;
				GCC_C_LANGUAGE_STANDARD = gnu99;
				GCC_DYNAMIC_NO_PIC = NO;
				GCC_NO_COMMON_BLOCKS = YES;
				GCC_OPTIMIZATION_LEVEL = 0;
				GCC_PREPROCESSOR_DEFINITIONS = (
					"DEBUG=1",
					"$(inherited)",
				);
				GCC_WARN_64_TO_32_BIT_CONVERSION = YES;
				GCC_WARN_ABOUT_RETURN_TYPE = YES_ERROR;
				GCC_WARN_UNDECLARED_SELECTOR = YES;
				GCC_WARN_UNINITIALIZED_AUTOS = YES_AGGRESSIVE;
				GCC_WARN_UNUSED_FUNCTION = YES;
				GCC_WARN_UNUSED_VARIABLE = YES;
				IPHONEOS_DEPLOYMENT_TARGET = 10.3;
				MTL_ENABLE_DEBUG_INFO = YES;
				ONLY_ACTIVE_ARCH = YES;
				SDKROOT = iphoneos;
				SWIFT_ACTIVE_COMPILATION_CONDITIONS = DEBUG;
				SWIFT_OPTIMIZATION_LEVEL = "-Onone";
			};
			name = Debug;
		};
		E0F74F5A1ED8CA090075500C /* Release */ = {
			isa = XCBuildConfiguration;
			buildSettings = {
				ALWAYS_SEARCH_USER_PATHS = NO;
				CLANG_ANALYZER_NONNULL = YES;
				CLANG_ANALYZER_NUMBER_OBJECT_CONVERSION = YES_AGGRESSIVE;
				CLANG_CXX_LANGUAGE_STANDARD = "gnu++0x";
				CLANG_CXX_LIBRARY = "libc++";
				CLANG_ENABLE_MODULES = YES;
				CLANG_ENABLE_OBJC_ARC = YES;
				CLANG_WARN_BOOL_CONVERSION = YES;
				CLANG_WARN_CONSTANT_CONVERSION = YES;
				CLANG_WARN_DIRECT_OBJC_ISA_USAGE = YES_ERROR;
				CLANG_WARN_DOCUMENTATION_COMMENTS = YES;
				CLANG_WARN_EMPTY_BODY = YES;
				CLANG_WARN_ENUM_CONVERSION = YES;
				CLANG_WARN_INFINITE_RECURSION = YES;
				CLANG_WARN_INT_CONVERSION = YES;
				CLANG_WARN_OBJC_ROOT_CLASS = YES_ERROR;
				CLANG_WARN_SUSPICIOUS_MOVE = YES;
				CLANG_WARN_UNREACHABLE_CODE = YES;
				CLANG_WARN__DUPLICATE_METHOD_MATCH = YES;
				"CODE_SIGN_IDENTITY[sdk=iphoneos*]" = "iPhone Developer";
				COPY_PHASE_STRIP = NO;
				DEBUG_INFORMATION_FORMAT = "dwarf-with-dsym";
				ENABLE_NS_ASSERTIONS = NO;
				ENABLE_STRICT_OBJC_MSGSEND = YES;
				GCC_C_LANGUAGE_STANDARD = gnu99;
				GCC_NO_COMMON_BLOCKS = YES;
				GCC_WARN_64_TO_32_BIT_CONVERSION = YES;
				GCC_WARN_ABOUT_RETURN_TYPE = YES_ERROR;
				GCC_WARN_UNDECLARED_SELECTOR = YES;
				GCC_WARN_UNINITIALIZED_AUTOS = YES_AGGRESSIVE;
				GCC_WARN_UNUSED_FUNCTION = YES;
				GCC_WARN_UNUSED_VARIABLE = YES;
				IPHONEOS_DEPLOYMENT_TARGET = 10.3;
				MTL_ENABLE_DEBUG_INFO = NO;
				SDKROOT = iphoneos;
				SWIFT_OPTIMIZATION_LEVEL = "-Owholemodule";
				VALIDATE_PRODUCT = YES;
			};
			name = Release;
		};
		E0F74F5C1ED8CA090075500C /* Debug */ = {
			isa = XCBuildConfiguration;
			buildSettings = {
				ASSETCATALOG_COMPILER_APPICON_NAME = AppIcon;
				DEVELOPMENT_TEAM = NVMU6WZ9AZ;
				INFOPLIST_FILE = CSSickyFlowLayoutHeaders/Info.plist;
				LD_RUNPATH_SEARCH_PATHS = "$(inherited) @executable_path/Frameworks";
				PRODUCT_BUNDLE_IDENTIFIER = "com.ru-platform.CSSickyFlowLayoutHeaders";
				PRODUCT_NAME = "$(TARGET_NAME)";
				SWIFT_VERSION = 3.0;
			};
			name = Debug;
		};
		E0F74F5D1ED8CA090075500C /* Release */ = {
			isa = XCBuildConfiguration;
			buildSettings = {
				ASSETCATALOG_COMPILER_APPICON_NAME = AppIcon;
				DEVELOPMENT_TEAM = NVMU6WZ9AZ;
				INFOPLIST_FILE = CSSickyFlowLayoutHeaders/Info.plist;
				LD_RUNPATH_SEARCH_PATHS = "$(inherited) @executable_path/Frameworks";
				PRODUCT_BUNDLE_IDENTIFIER = "com.ru-platform.CSSickyFlowLayoutHeaders";
				PRODUCT_NAME = "$(TARGET_NAME)";
				SWIFT_VERSION = 3.0;
			};
			name = Release;
		};
/* End XCBuildConfiguration section */

/* Begin XCConfigurationList section */
		E0F74F441ED8CA090075500C /* Build configuration list for PBXProject "CSSickyFlowLayoutHeaders" */ = {
			isa = XCConfigurationList;
			buildConfigurations = (
				E0F74F591ED8CA090075500C /* Debug */,
				E0F74F5A1ED8CA090075500C /* Release */,
			);
			defaultConfigurationIsVisible = 0;
			defaultConfigurationName = Release;
		};
		E0F74F5B1ED8CA090075500C /* Build configuration list for PBXNativeTarget "CSSickyFlowLayoutHeaders" */ = {
			isa = XCConfigurationList;
			buildConfigurations = (
				E0F74F5C1ED8CA090075500C /* Debug */,
				E0F74F5D1ED8CA090075500C /* Release */,
			);
			defaultConfigurationIsVisible = 0;
		};
/* End XCConfigurationList section */
	};
	rootObject = E0F74F411ED8CA090075500C /* Project object */;
}
